github.com/Azure/go-ntlmssp v0.0.0-20221128193559-754e69321358 h1:mFRzDkZVAjdal+s7s0MwaRv9igoPqLRdzOLzw/8Xvq8=
github.com/Azure/go-ntlmssp v0.0.0-20221128193559-754e69321358/go.mod h1:chxPXzSsl7ZWRAuOIE23GDNzjWuZquvFlgA8xmpunjU=
github.com/axent-pl/credentials v0.0.0-20260130194754-bb83a5a989b6 h1:lul0FvnxGZ9dZ24dpnY4sSBfhmX4xIh9Yo3L9xU0Ee0=
github.com/axent-pl/credentials v0.0.0-20260130194754-bb83a5a989b6/go.mod h1:TEVtPK0y2sQj1JiRxnnhO6Qe0yd6BHJ3FzkEkvWiQso=
github.com/go-asn1-ber/asn1-ber v1.5.8-0.20250403174932-29230038a667 h1:BP4M0CvQ4S3TGls2FvczZtj5Re/2ZzkV9VwqPHH/3Bo=
github.com/go-asn1-ber/asn1-ber v1.5.8-0.20250403174932-29230038a667/go.mod h1:hEBeB/ic+5LoWskz+yKT7vGhhPYkProFKoKdwZRWMe0=
github.com/go-ldap/ldap/v3 v3.4.12 h1:1b81mv7MagXZ7+1r7cLTWmyuTqVqdwbtJSjC0DAp9s4=
github.com/go-ldap/ldap/v3 v3.4.12/go.mod h1:+SPAGcTtOfmGsCb3h1RFiq4xpp4N636G75OEace8lNo=
github.com/golang-jwt/jwt/v5 v5.3.1 h1:kYf81DTWFe7t+1VvL7eS+jKFVWaUnK9cB1qbwn63YCY=
github.com/golang-jwt/jwt/v5 v5.3.1/go.mod h1:fxCRLWMO43lRc8nhHWY6LGqRcf+1gQWArsqaEUEa5bE=
github.com/google/uuid v1.6.0 h1:NIvaJDMOsjHA8n1jAhLSgzrAzy1Hgr+hNrb57e+94F0=
github.com/google/uuid v1.6.0/go.mod h1:TIyPZe4MgqvfeYDBFedMoGGpEw/LqOeaOT+nhxU+yHo=
golang.org/x/crypto v0.46.0 h1:cKRW/pmt1pKAfetfu+RCEvjvZkA9RimPbh7bhFjGVBU=
golang.org/x/crypto v0.46.0/go.mod h1:Evb/oLKmMraqjZ2iQTwDwvCtJkczlDuTmdJXoZVzqU0=
gopkg.in/check.v1 v0.0.0-20161208181325-20d25e280405 h1:yhCVgyC4o1eVCa2tZl7eS0r+SDo693bJlVdllGtEeKM=
gopkg.in/check.v1 v0.0.0-20161208181325-20d25e280405/go.mod h1:Co6ibVJAznAaIkqp8huTwlJQCZ016jof/cbN4VW5Yz0=
gopkg.in/yaml.v3 v3.0.1 h1:fxVm/GzAzEWqLHuvctI91KS9hhNmmWOoWu0XTYJS7CA=
gopkg.in/yaml.v3 v3.0.1/go.mod h1:K4uyk7z7BCEPqu6E+C64Yfv1cQ7kz7rIZviUmN+EgEM=
